{
  "name": "plainpages",
  "version": "0.1.0",
  "lockfileVersion": 3,
  "requires": true,
  "packages": {
    "": {
      "name": "plainpages",
      "version": "0.1.0",
      "dependencies": {
        "@larvit/log": "2.3.0",
        "ejs": "6.0.1",
        "lucide-static": "1.28.0"
      },
      "devDependencies": {
        "@types/ejs": "3.1.5",
        "@types/node": "24.13.3",
        "typescript": "5.9.3"
      },
      "engines": {
        "node": ">=24"
      }
    },
    "node_modules/@larvit/log": {
      "version": "2.3.0",
      "resolved": "https://registry.npmjs.org/@larvit/log/-/log-2.3.0.tgz",
      "integrity": "sha512-gLRMDWrFnoMGdAr9NXMXRKOUeceU6Qd/CW0c6qDO+DLFT1xWrqO2ubsHyPqPzlZHVUO3w3Bk7kOWo6C2Ykn4ZQ==",
      "license": "MIT",
      "engines": {
        "node": ">=18"
      }
    },
    "node_modules/@types/ejs": {
      "version": "3.1.5",
      "resolved": "https://registry.npmjs.org/@types/ejs/-/ejs-3.1.5.tgz",
      "integrity": "sha512-nv+GSx77ZtXiJzwKdsASqi+YQ5Z7vwHsTP0JY2SiQgjGckkBRKZnk8nIM+7oUZ1VCtuTz0+By4qVR7fqzp/Dfg==",
      "dev": true,
      "license": "MIT"
    },
    "node_modules/@types/node": {
      "version": "24.13.3",
      "resolved": "https://registry.npmjs.org/@types/node/-/node-24.13.3.tgz",
      "integrity": "sha512-Dh8vAsV36ig5wa9OX4pXvMc9D3Veibfw2wix0CUwYODLD8nkj9UsLjASr49nPg+2eKzxhBV+v7L8pXvT4e639Q==",
      "dev": true,
      "license": "MIT",
      "dependencies": {
        "undici-types": "~7.18.0"
      }
    },
    "node_modules/ejs": {
      "version": "6.0.1",
      "resolved": "https://registry.npmjs.org/ejs/-/ejs-6.0.1.tgz",
      "integrity": "sha512-UaaM14yby8U3k02ihS1Bmj5Kz2d7CCQM1scxpgs4Mhkq8F1wR2gl3+Ts4h5Ne4Mnt7M9m4Dw7jsuMr3+xO4vZA==",
      "license": "Apache-2.0",
      "bin": {
        "ejs": "bin/cli.js"
      },
      "engines": {
        "node": ">=0.12.18"
      }
    },
    "node_modules/lucide-static": {
      "version": "1.28.0",
      "resolved": "https://registry.npmjs.org/lucide-static/-/lucide-static-1.28.0.tgz",
      "integrity": "sha512-dC3VJwRFsjEVX7Iaq4rY88pm7Fi2OmOb8P0WRzXsUMgbt7sCmFX8bLhaDBeNW6JdRjuele+jKqqFaam4yr+Ygg==",
      "license": "ISC"
    },
    "node_modules/typescript": {
      "version": "5.9.3",
      "resolved": "https://registry.npmjs.org/typescript/-/typescript-5.9.3.tgz",
      "integrity": "sha512-jl1vZzPDinLr9eUt3J/t7V6FgNEw9QjvBPdysz9KfQDD41fQrC2Y4vKQdiaUpFT4bXlb1RHhLpp8wtm6M5TgSw==",
      "dev": true,
      "license": "Apache-2.0",
      "bin": {
        "tsc": "bin/tsc",
        "tsserver": "bin/tsserver"
      },
      "engines": {
        "node": ">=14.17"
      }
    },
    "node_modules/undici-types": {
      "version": "7.18.2",
      "resolved": "https://registry.npmjs.org/undici-types/-/undici-types-7.18.2.tgz",
      "integrity": "sha512-AsuCzffGHJybSaRrmr5eHr81mwJU3kjw6M+uprWvCXiNeN9SOGwQ3Jn8jb8m3Z6izVgknn1R0FTCEAP2QrLY/w==",
      "dev": true,
      "license": "MIT"
    }
  }
}
